
Microsoft Visual Studio Solution File, Format Version 12.00
# Visual Studio Version 17
VisualStudioVersion = 17.6.33712.159
MinimumVisualStudioVersion = 10.0.40219.1
Project("{FAE04EC0-301F-11D3-BF4B-00C04F79EFBC}") = "WpfApp1", "WpfApp1\WpfApp1.csproj", "{C2ACA8D7-2822-4C17-B5AB-0717610BE787}"
EndProject
Project("{54435603-DBB4-11D2-8724-00A0C9A8B90C}") = "SetupTest", "..\..\SetupTest\SetupTest.vdproj", "{C8D183AD-AD7B-40E0-B1C4-BD653DC2D625}"
EndProject
Project("{9A19103F-16F7-4668-BE54-9A1E7A4F7556}") = "Models", "Models\Models.csproj", "{2908F393-2942-4010-8996-854313480E3E}"
EndProject
Project("{FAE04EC0-301F-11D3-BF4B-00C04F79EFBC}") = "Common", "Common\Common.csproj", "{C357F77A-C419-4707-BA5B-C16949FCD036}"
EndProject
Project("{9A19103F-16F7-4668-BE54-9A1E7A4F7556}") = "Database", "Database\Database.csproj", "{B816CEFB-1D2C-46F8-8583-236033BD228E}"
EndProject
Project("{FAE04EC0-301F-11D3-BF4B-00C04F79EFBC}") = "Services", "Services\Services.csproj", "{F314E557-C6B7-4D0F-AEC4-118AA3C81EC7}"
EndProject
Project("{FAE04EC0-301F-11D3-BF4B-00C04F79EFBC}") = "Views", "Views\Views.csproj", "{54B07DCE-8697-4867-AB61-A8678B05C474}"
EndProject
Project("{FAE04EC0-301F-11D3-BF4B-00C04F79EFBC}") = "ViewModels", "ViewModels\ViewModels.csproj", "{C8771582-1305-4960-B9F3-93839B6B35AF}"
EndProject
Global
	GlobalSection(SolutionConfigurationPlatforms) = preSolution
		Debug|Any CPU = Debug|Any CPU
		Release|Any CPU = Release|Any CPU
	EndGlobalSection
	GlobalSection(ProjectConfigurationPlatforms) = postSolution
		{C2ACA8D7-2822-4C17-B5AB-0717610BE787}.Debug|Any CPU.ActiveCfg = Debug|Any CPU
		{C2ACA8D7-2822-4C17-B5AB-0717610BE787}.Debug|Any CPU.Build.0 = Debug|Any CPU
		{C2ACA8D7-2822-4C17-B5AB-0717610BE787}.Release|Any CPU.ActiveCfg = Debug|Any CPU
		{C2ACA8D7-2822-4C17-B5AB-0717610BE787}.Release|Any CPU.Build.0 = Debug|Any CPU
		{C8D183AD-AD7B-40E0-B1C4-BD653DC2D625}.Debug|Any CPU.ActiveCfg = Release
		{C8D183AD-AD7B-40E0-B1C4-BD653DC2D625}.Release|Any CPU.ActiveCfg = Release
		{C8D183AD-AD7B-40E0-B1C4-BD653DC2D625}.Release|Any CPU.Build.0 = Release
		{2908F393-2942-4010-8996-854313480E3E}.Debug|Any CPU.ActiveCfg = Debug|Any CPU
		{2908F393-2942-4010-8996-854313480E3E}.Debug|Any CPU.Build.0 = Debug|Any CPU
		{2908F393-2942-4010-8996-854313480E3E}.Release|Any CPU.ActiveCfg = Release|Any CPU
		{2908F393-2942-4010-8996-854313480E3E}.Release|Any CPU.Build.0 = Release|Any CPU
		{C357F77A-C419-4707-BA5B-C16949FCD036}.Debug|Any CPU.ActiveCfg = Debug|Any CPU
		{C357F77A-C419-4707-BA5B-C16949FCD036}.Debug|Any CPU.Build.0 = Debug|Any CPU
		{C357F77A-C419-4707-BA5B-C16949FCD036}.Release|Any CPU.ActiveCfg = Release|Any CPU
		{C357F77A-C419-4707-BA5B-C16949FCD036}.Release|Any CPU.Build.0 = Release|Any CPU
		{B816CEFB-1D2C-46F8-8583-236033BD228E}.Debug|Any CPU.ActiveCfg = Debug|Any CPU
		{B816CEFB-1D2C-46F8-8583-236033BD228E}.Debug|Any CPU.Build.0 = Debug|Any CPU
		{B816CEFB-1D2C-46F8-8583-236033BD228E}.Release|Any CPU.ActiveCfg = Release|Any CPU
		{B816CEFB-1D2C-46F8-8583-236033BD228E}.Release|Any CPU.Build.0 = Release|Any CPU
		{F314E557-C6B7-4D0F-AEC4-118AA3C81EC7}.Debug|Any CPU.ActiveCfg = Debug|Any CPU
		{F314E557-C6B7-4D0F-AEC4-118AA3C81EC7}.Debug|Any CPU.Build.0 = Debug|Any CPU
		{F314E557-C6B7-4D0F-AEC4-118AA3C81EC7}.Release|Any CPU.ActiveCfg = Release|Any CPU
		{F314E557-C6B7-4D0F-AEC4-118AA3C81EC7}.Release|Any CPU.Build.0 = Release|Any CPU
		{54B07DCE-8697-4867-AB61-A8678B05C474}.Debug|Any CPU.ActiveCfg = Debug|Any CPU
		{54B07DCE-8697-4867-AB61-A8678B05C474}.Debug|Any CPU.Build.0 = Debug|Any CPU
		{54B07DCE-8697-4867-AB61-A8678B05C474}.Release|Any CPU.ActiveCfg = Release|Any CPU
		{54B07DCE-8697-4867-AB61-A8678B05C474}.Release|Any CPU.Build.0 = Release|Any CPU
		{C8771582-1305-4960-B9F3-93839B6B35AF}.Debug|Any CPU.ActiveCfg = Debug|Any CPU
		{C8771582-1305-4960-B9F3-93839B6B35AF}.Debug|Any CPU.Build.0 = Debug|Any CPU
		{C8771582-1305-4960-B9F3-93839B6B35AF}.Release|Any CPU.ActiveCfg = Release|Any CPU
		{C8771582-1305-4960-B9F3-93839B6B35AF}.Release|Any CPU.Build.0 = Release|Any CPU
	EndGlobalSection
	GlobalSection(SolutionProperties) = preSolution
		HideSolutionNode = FALSE
	EndGlobalSection
	GlobalSection(ExtensibilityGlobals) = postSolution
		SolutionGuid = {C45CD052-E97D-40BE-8072-AB73883BB412}
	EndGlobalSection
EndGlobal
